
Microsoft Visual Studio Solution File, Format Version 12.00
# Visual Studio Version 17
VisualStudioVersion = 17.12.35527.113 d17.12
MinimumVisualStudioVersion = 10.0.40219.1
Project("{2150E333-8FDC-42A3-9474-1A3956D46DE8}") = "Solution Items", "Solution Items", "{9FDF4C27-3202-4F90-9476-00853D97E3BB}"
	ProjectSection(SolutionItems) = preProject
		README.md = README.md
	EndProjectSection
EndProject
Project("{FAE04EC0-301F-11D3-BF4B-00C04F79EFBC}") = "CurrencyConverter.Tests", "CurrencyConverter.Tests\CurrencyConverter.Tests.csproj", "{79F85AA1-B0E7-429E-80A7-F7A3546C8C31}"
EndProject
Global
	GlobalSection(SolutionConfigurationPlatforms) = preSolution
		Debug|Any CPU = Debug|Any CPU
		Release|Any CPU = Release|Any CPU
	EndGlobalSection
	GlobalSection(ProjectConfigurationPlatforms) = postSolution
		{79F85AA1-B0E7-429E-80A7-F7A3546C8C31}.Debug|Any CPU.ActiveCfg = Debug|Any CPU
		{79F85AA1-B0E7-429E-80A7-F7A3546C8C31}.Debug|Any CPU.Build.0 = Debug|Any CPU
		{79F85AA1-B0E7-429E-80A7-F7A3546C8C31}.Release|Any CPU.ActiveCfg = Release|Any CPU
		{79F85AA1-B0E7-429E-80A7-F7A3546C8C31}.Release|Any CPU.Build.0 = Release|Any CPU
	EndGlobalSection
	GlobalSection(SolutionProperties) = preSolution
		HideSolutionNode = FALSE
	EndGlobalSection
	GlobalSection(ExtensibilityGlobals) = postSolution
		SolutionGuid = {659B3981-50FF-4E83-92BE-2E03FEB04A3C}
	EndGlobalSection
EndGlobal
